{
  "nodes": {
    "lockless": {
      "inputs": {
        "nixpkgs": "nixpkgs"
      },
      "locked": {
        "dir": "inputs",
        "lastModified": 1654396263,
        "narHash": "sha256-rvYu1tlmfA6ySSCDjFkujSXevwMuJjc+xBsUzY3LUzU=",
        "ref": "master",
        "rev": "280f219d1c780aac05fe178f0f0985b631f8e21b",
        "revCount": 3,
        "type": "git",
        "url": "file:./.?dir=inputs"
      },
      "original": {
        "dir": "inputs",
        "ref": "master",
        "type": "git",
        "url": "file:./.?dir=inputs"
      }
    },
    "nixpkgs": {
      "locked": {
        "lastModified": 1645296114,
        "narHash": "sha256-y53N7TyIkXsjMpOG7RhvqJFGDacLs9HlyHeSTBioqYU=",
        "owner": "NixOS",
        "repo": "nixpkgs",
        "rev": "530a53dcbc9437363471167a5e4762c5fcfa34a1",
        "type": "github"
      },
      "original": {
        "owner": "NixOS",
        "ref": "nixos-21.05",
        "repo": "nixpkgs",
        "type": "github"
      }
    },
    "root": {
      "inputs": {
        "lockless": "lockless"
      }
    }
  },
  "root": "root",
  "version": 7
}
